{
  "requires": true,
  "lockfileVersion": 1,
  "dependencies": {
    "three": {
      "version": "0.119.1",
      "resolved": "https://registry.npmjs.org/three/-/three-0.119.1.tgz",
      "integrity": "sha512-GHyh/RiUfQ5VTiWIVRRTANYoXc1PFB1y+jDVRTb649nif1uX1F06PT1TKU3k2+F/MN4UJ3PWvQB53fY2OqKqKw=="
    }
  }
}
